
Microsoft Visual Studio Solution File, Format Version 12.00
# Visual Studio Version 16
VisualStudioVersion = 16.0.808.3
MinimumVisualStudioVersion = 10.0.40219.1
Project("{FAE04EC0-301F-11D3-BF4B-00C04F79EFBC}") = "BinaryBoarding", "BinaryBoarding.csproj", "{5111A76C-C086-4777-96A6-76E762638264}"
EndProject
Global
	GlobalSection(SolutionConfigurationPlatforms) = preSolution
		Debug|Any CPU = Debug|Any CPU
		Release|Any CPU = Release|Any CPU
	EndGlobalSection
	GlobalSection(ProjectConfigurationPlatforms) = postSolution
		{5111A76C-C086-4777-96A6-76E762638264}.Debug|Any CPU.ActiveCfg = Debug|Any CPU
		{5111A76C-C086-4777-96A6-76E762638264}.Debug|Any CPU.Build.0 = Debug|Any CPU
		{5111A76C-C086-4777-96A6-76E762638264}.Release|Any CPU.ActiveCfg = Release|Any CPU
		{5111A76C-C086-4777-96A6-76E762638264}.Release|Any CPU.Build.0 = Release|Any CPU
	EndGlobalSection
	GlobalSection(SolutionProperties) = preSolution
		HideSolutionNode = FALSE
	EndGlobalSection
	GlobalSection(ExtensibilityGlobals) = postSolution
		SolutionGuid = {4D21DC2D-0D6D-4C92-B846-3FAE08545663}
	EndGlobalSection
EndGlobal
