
Microsoft Visual Studio Solution File, Format Version 12.00
# Visual Studio Version 16
VisualStudioVersion = 16.0.808.3
MinimumVisualStudioVersion = 10.0.40219.1
Project("{FAE04EC0-301F-11D3-BF4B-00C04F79EFBC}") = "PassportProcessing", "PassportProcessing.csproj", "{B4BB2AFA-3529-4A3F-9840-26F9F98CDCD9}"
EndProject
Global
	GlobalSection(SolutionConfigurationPlatforms) = preSolution
		Debug|Any CPU = Debug|Any CPU
		Release|Any CPU = Release|Any CPU
	EndGlobalSection
	GlobalSection(ProjectConfigurationPlatforms) = postSolution
		{B4BB2AFA-3529-4A3F-9840-26F9F98CDCD9}.Debug|Any CPU.ActiveCfg = Debug|Any CPU
		{B4BB2AFA-3529-4A3F-9840-26F9F98CDCD9}.Debug|Any CPU.Build.0 = Debug|Any CPU
		{B4BB2AFA-3529-4A3F-9840-26F9F98CDCD9}.Release|Any CPU.ActiveCfg = Release|Any CPU
		{B4BB2AFA-3529-4A3F-9840-26F9F98CDCD9}.Release|Any CPU.Build.0 = Release|Any CPU
	EndGlobalSection
	GlobalSection(SolutionProperties) = preSolution
		HideSolutionNode = FALSE
	EndGlobalSection
	GlobalSection(ExtensibilityGlobals) = postSolution
		SolutionGuid = {90CAA47B-67D5-4C16-A1B1-00E0006AC9E3}
	EndGlobalSection
EndGlobal
