
Microsoft Visual Studio Solution File, Format Version 12.00
# Visual Studio Version 16
VisualStudioVersion = 16.0.808.3
MinimumVisualStudioVersion = 10.0.40219.1
Project("{FAE04EC0-301F-11D3-BF4B-00C04F79EFBC}") = "PasswordPhilosophy", "PasswordPhilosophy.csproj", "{12E6E7FF-FFBF-4C2A-85D0-C582D5E679B6}"
EndProject
Global
	GlobalSection(SolutionConfigurationPlatforms) = preSolution
		Debug|Any CPU = Debug|Any CPU
		Release|Any CPU = Release|Any CPU
	EndGlobalSection
	GlobalSection(ProjectConfigurationPlatforms) = postSolution
		{12E6E7FF-FFBF-4C2A-85D0-C582D5E679B6}.Debug|Any CPU.ActiveCfg = Debug|Any CPU
		{12E6E7FF-FFBF-4C2A-85D0-C582D5E679B6}.Debug|Any CPU.Build.0 = Debug|Any CPU
		{12E6E7FF-FFBF-4C2A-85D0-C582D5E679B6}.Release|Any CPU.ActiveCfg = Release|Any CPU
		{12E6E7FF-FFBF-4C2A-85D0-C582D5E679B6}.Release|Any CPU.Build.0 = Release|Any CPU
	EndGlobalSection
	GlobalSection(SolutionProperties) = preSolution
		HideSolutionNode = FALSE
	EndGlobalSection
	GlobalSection(ExtensibilityGlobals) = postSolution
		SolutionGuid = {98B1744F-18F4-4181-8A38-26D21C6CC179}
	EndGlobalSection
EndGlobal
